
Microsoft Visual Studio Solution File, Format Version 12.00
# Visual Studio Version 17
VisualStudioVersion = 17.9.34902.65
MinimumVisualStudioVersion = 10.0.40219.1
Project("{9A19103F-16F7-4668-BE54-9A1E7A4F7556}") = "SimpleLighting", "TestLighting\SimpleLighting.csproj", "{FD52C4E7-34DD-4764-BAB6-7E1131EE1FCF}"
EndProject
Global
	GlobalSection(SolutionConfigurationPlatforms) = preSolution
		Debug|Any CPU = Debug|Any CPU
		Release|Any CPU = Release|Any CPU
	EndGlobalSection
	GlobalSection(ProjectConfigurationPlatforms) = postSolution
		{FD52C4E7-34DD-4764-BAB6-7E1131EE1FCF}.Debug|Any CPU.ActiveCfg = Debug|Any CPU
		{FD52C4E7-34DD-4764-BAB6-7E1131EE1FCF}.Debug|Any CPU.Build.0 = Debug|Any CPU
		{FD52C4E7-34DD-4764-BAB6-7E1131EE1FCF}.Release|Any CPU.ActiveCfg = Release|Any CPU
		{FD52C4E7-34DD-4764-BAB6-7E1131EE1FCF}.Release|Any CPU.Build.0 = Release|Any CPU
	EndGlobalSection
	GlobalSection(SolutionProperties) = preSolution
		HideSolutionNode = FALSE
	EndGlobalSection
	GlobalSection(ExtensibilityGlobals) = postSolution
		SolutionGuid = {86FE7185-03C5-4221-9529-812CFB3DCB86}
	EndGlobalSection
EndGlobal
